
Microsoft Visual Studio Solution File, Format Version 12.00
# Visual Studio Version 17
VisualStudioVersion = 17.13.35919.96
MinimumVisualStudioVersion = 10.0.40219.1
Project("{FAE04EC0-301F-11D3-BF4B-00C04F79EFBC}") = "DisableAccidents", "DisableAccidents.csproj", "{51130BF3-1162-4B14-B0E2-BCDF54C6F667}"
EndProject
Global
	GlobalSection(SolutionConfigurationPlatforms) = preSolution
		Debug|Any CPU = Debug|Any CPU
		Release|Any CPU = Release|Any CPU
	EndGlobalSection
	GlobalSection(ProjectConfigurationPlatforms) = postSolution
		{51130BF3-1162-4B14-B0E2-BCDF54C6F667}.Debug|Any CPU.ActiveCfg = Debug|Any CPU
		{51130BF3-1162-4B14-B0E2-BCDF54C6F667}.Debug|Any CPU.Build.0 = Debug|Any CPU
		{51130BF3-1162-4B14-B0E2-BCDF54C6F667}.Release|Any CPU.ActiveCfg = Release|Any CPU
		{51130BF3-1162-4B14-B0E2-BCDF54C6F667}.Release|Any CPU.Build.0 = Release|Any CPU
	EndGlobalSection
	GlobalSection(SolutionProperties) = preSolution
		HideSolutionNode = FALSE
	EndGlobalSection
	GlobalSection(ExtensibilityGlobals) = postSolution
		SolutionGuid = {65BBEB29-3AB3-4C1B-B944-46064823643E}
	EndGlobalSection
EndGlobal
